
Microsoft Visual Studio Solution File, Format Version 12.00
# Visual Studio Version 17
VisualStudioVersion = 17.4.33205.214
MinimumVisualStudioVersion = 10.0.40219.1
Project("{FAE04EC0-301F-11D3-BF4B-00C04F79EFBC}") = "ex_classes_objetos_atributos", "ex_classes_objetos_atributos.csproj", "{185C200B-F22F-49BE-9DD4-587298DADCCE}"
EndProject
Global
	GlobalSection(SolutionConfigurationPlatforms) = preSolution
		Debug|Any CPU = Debug|Any CPU
		Release|Any CPU = Release|Any CPU
	EndGlobalSection
	GlobalSection(ProjectConfigurationPlatforms) = postSolution
		{185C200B-F22F-49BE-9DD4-587298DADCCE}.Debug|Any CPU.ActiveCfg = Debug|Any CPU
		{185C200B-F22F-49BE-9DD4-587298DADCCE}.Debug|Any CPU.Build.0 = Debug|Any CPU
		{185C200B-F22F-49BE-9DD4-587298DADCCE}.Release|Any CPU.ActiveCfg = Release|Any CPU
		{185C200B-F22F-49BE-9DD4-587298DADCCE}.Release|Any CPU.Build.0 = Release|Any CPU
	EndGlobalSection
	GlobalSection(SolutionProperties) = preSolution
		HideSolutionNode = FALSE
	EndGlobalSection
	GlobalSection(ExtensibilityGlobals) = postSolution
		SolutionGuid = {12BB360F-73B0-4F2C-AA70-011148B61797}
	EndGlobalSection
EndGlobal
